
Microsoft Visual Studio Solution File, Format Version 12.00
# Visual Studio Version 16
VisualStudioVersion = 16.0.28803.156
MinimumVisualStudioVersion = 10.0.40219.1
Project("{9A19103F-16F7-4668-BE54-9A1E7A4F7556}") = "Dimps.Extensions.Configuration.AzureTableStorage.Sample", "samples\Dimps.Extensions.Configuration.AzureTableStorage.Sample.csproj", "{992D5EE3-468B-43DF-BBC9-E25F8C369D1F}"
EndProject
Global
	GlobalSection(SolutionConfigurationPlatforms) = preSolution
		Debug|Any CPU = Debug|Any CPU
		Release|Any CPU = Release|Any CPU
	EndGlobalSection
	GlobalSection(ProjectConfigurationPlatforms) = postSolution
		{992D5EE3-468B-43DF-BBC9-E25F8C369D1F}.Debug|Any CPU.ActiveCfg = Debug|Any CPU
		{992D5EE3-468B-43DF-BBC9-E25F8C369D1F}.Debug|Any CPU.Build.0 = Debug|Any CPU
		{992D5EE3-468B-43DF-BBC9-E25F8C369D1F}.Release|Any CPU.ActiveCfg = Release|Any CPU
		{992D5EE3-468B-43DF-BBC9-E25F8C369D1F}.Release|Any CPU.Build.0 = Release|Any CPU
	EndGlobalSection
	GlobalSection(SolutionProperties) = preSolution
		HideSolutionNode = FALSE
	EndGlobalSection
	GlobalSection(ExtensibilityGlobals) = postSolution
		SolutionGuid = {DE05567C-9A00-4827-8296-B4F3832378BF}
	EndGlobalSection
EndGlobal
